
Microsoft Visual Studio Solution File, Format Version 12.00
# Visual Studio 2012
Project("{FAE04EC0-301F-11D3-BF4B-00C04F79EFBC}") = "IntervalReference", "IntervalReference\IntervalReference.csproj", "{05F4620A-347F-485B-9598-3B1865242016}"
EndProject
Project("{FAE04EC0-301F-11D3-BF4B-00C04F79EFBC}") = "IntervalReferenceTest", "IntervalReferenceTest\IntervalReferenceTest.csproj", "{7C7E73CD-2E18-408C-BDCC-EF3536A0221D}"
EndProject
Global
	GlobalSection(SolutionConfigurationPlatforms) = preSolution
		Debug|Any CPU = Debug|Any CPU
		Release|Any CPU = Release|Any CPU
	EndGlobalSection
	GlobalSection(ProjectConfigurationPlatforms) = postSolution
		{05F4620A-347F-485B-9598-3B1865242016}.Debug|Any CPU.ActiveCfg = Debug|Any CPU
		{05F4620A-347F-485B-9598-3B1865242016}.Debug|Any CPU.Build.0 = Debug|Any CPU
		{05F4620A-347F-485B-9598-3B1865242016}.Release|Any CPU.ActiveCfg = Release|Any CPU
		{05F4620A-347F-485B-9598-3B1865242016}.Release|Any CPU.Build.0 = Release|Any CPU
		{7C7E73CD-2E18-408C-BDCC-EF3536A0221D}.Debug|Any CPU.ActiveCfg = Debug|Any CPU
		{7C7E73CD-2E18-408C-BDCC-EF3536A0221D}.Debug|Any CPU.Build.0 = Debug|Any CPU
		{7C7E73CD-2E18-408C-BDCC-EF3536A0221D}.Release|Any CPU.ActiveCfg = Release|Any CPU
		{7C7E73CD-2E18-408C-BDCC-EF3536A0221D}.Release|Any CPU.Build.0 = Release|Any CPU
	EndGlobalSection
	GlobalSection(SolutionProperties) = preSolution
		HideSolutionNode = FALSE
	EndGlobalSection
EndGlobal
